
Microsoft Visual Studio Solution File, Format Version 12.00
# Visual Studio 15
VisualStudioVersion = 15.0.27428.2037
MinimumVisualStudioVersion = 10.0.40219.1
Project("{8BC9CEB8-8B4A-11D0-8D11-00A0C91BC942}") = "Stack", "Stack\Stack.vcxproj", "{590D8EF0-5C09-41E5-BA49-E5743F557985}"
EndProject
Global
	GlobalSection(SolutionConfigurationPlatforms) = preSolution
		Debug|x64 = Debug|x64
		Debug|x86 = Debug|x86
		Release|x64 = Release|x64
		Release|x86 = Release|x86
	EndGlobalSection
	GlobalSection(ProjectConfigurationPlatforms) = postSolution
		{590D8EF0-5C09-41E5-BA49-E5743F557985}.Debug|x64.ActiveCfg = Debug|x64
		{590D8EF0-5C09-41E5-BA49-E5743F557985}.Debug|x64.Build.0 = Debug|x64
		{590D8EF0-5C09-41E5-BA49-E5743F557985}.Debug|x86.ActiveCfg = Debug|Win32
		{590D8EF0-5C09-41E5-BA49-E5743F557985}.Debug|x86.Build.0 = Debug|Win32
		{590D8EF0-5C09-41E5-BA49-E5743F557985}.Release|x64.ActiveCfg = Release|x64
		{590D8EF0-5C09-41E5-BA49-E5743F557985}.Release|x64.Build.0 = Release|x64
		{590D8EF0-5C09-41E5-BA49-E5743F557985}.Release|x86.ActiveCfg = Release|Win32
		{590D8EF0-5C09-41E5-BA49-E5743F557985}.Release|x86.Build.0 = Release|Win32
	EndGlobalSection
	GlobalSection(SolutionProperties) = preSolution
		HideSolutionNode = FALSE
	EndGlobalSection
	GlobalSection(ExtensibilityGlobals) = postSolution
		SolutionGuid = {7BC7538E-BB37-4032-875B-6151F2BBB4D0}
	EndGlobalSection
EndGlobal
